// !$*UTF8*$!
{
	archiveVersion = 1;
	classes = {
	};
	objectVersion = 46;
	objects = {

/* Begin PBXBuildFile section */
		214A0D5B1F6AD4CD00020E8D /* Weapon.m in Sources */ = {isa = PBXBuildFile; fileRef = 214A0D5A1F6AD4CD00020E8D /* Weapon.m */; };
		214AAC1A1F6A4E6A003B319F /* Armor.m in Sources */ = {isa = PBXBuildFile; fileRef = 214AAC191F6A4E6A003B319F /* Armor.m */; };
		214AAC1D1F6A4EC1003B319F /* Character.m in Sources */ = {isa = PBXBuildFile; fileRef = 214AAC1C1F6A4EC1003B319F /* Character.m */; };
		214AAC421F6A8120003B319F /* tile1_blunted_sword.jpg in Resources */ = {isa = PBXBuildFile; fileRef = 214AAC361F6A8120003B319F /* tile1_blunted_sword.jpg */; };
		214AAC431F6A8120003B319F /* tile2_steel_armor.jpg in Resources */ = {isa = PBXBuildFile; fileRef = 214AAC371F6A8120003B319F /* tile2_steel_armor.jpg */; };
		214AAC441F6A8120003B319F /* tile3_pirate_friendly_dock.jpg in Resources */ = {isa = PBXBuildFile; fileRef = 214AAC381F6A8120003B319F /* tile3_pirate_friendly_dock.jpg */; };
		214AAC451F6A8120003B319F /* tile4_parrot_armor.jpg in Resources */ = {isa = PBXBuildFile; fileRef = 214AAC391F6A8120003B319F /* tile4_parrot_armor.jpg */; };
		214AAC461F6A8120003B319F /* tile5_pirate_pistol.jpg in Resources */ = {isa = PBXBuildFile; fileRef = 214AAC3A1F6A8120003B319F /* tile5_pirate_pistol.jpg */; };
		214AAC471F6A8120003B319F /* tile6_walk_the_plank.jpg in Resources */ = {isa = PBXBuildFile; fileRef = 214AAC3B1F6A8120003B319F /* tile6_walk_the_plank.jpg */; };
		214AAC481F6A8120003B319F /* tile7_pirate_fight.jpg in Resources */ = {isa = PBXBuildFile; fileRef = 214AAC3C1F6A8120003B319F /* tile7_pirate_fight.jpg */; };
		214AAC491F6A8120003B319F /* tile8_abandoned_ship.jpg in Resources */ = {isa = PBXBuildFile; fileRef = 214AAC3D1F6A8120003B319F /* tile8_abandoned_ship.jpg */; };
		214AAC4A1F6A8120003B319F /* tile9_pirate_treasures.jpg in Resources */ = {isa = PBXBuildFile; fileRef = 214AAC3E1F6A8120003B319F /* tile9_pirate_treasures.jpg */; };
		214AAC4B1F6A8120003B319F /* tile10_pirates_invasion.jpg in Resources */ = {isa = PBXBuildFile; fileRef = 214AAC3F1F6A8120003B319F /* tile10_pirates_invasion.jpg */; };
		214AAC4C1F6A8120003B319F /* tile11_swimming_in_the_deep.jpg in Resources */ = {isa = PBXBuildFile; fileRef = 214AAC401F6A8120003B319F /* tile11_swimming_in_the_deep.jpg */; };
		214AAC4D1F6A8120003B319F /* tile12_pirate_boss.jpg in Resources */ = {isa = PBXBuildFile; fileRef = 214AAC411F6A8120003B319F /* tile12_pirate_boss.jpg */; };
		214AAC501F6A8562003B319F /* Boss.m in Sources */ = {isa = PBXBuildFile; fileRef = 214AAC4F1F6A8562003B319F /* Boss.m */; };
		215F00AE1F696BAE00F63DEB /* main.m in Sources */ = {isa = PBXBuildFile; fileRef = 215F00AD1F696BAE00F63DEB /* main.m */; };
		215F00B11F696BAE00F63DEB /* AppDelegate.m in Sources */ = {isa = PBXBuildFile; fileRef = 215F00B01F696BAE00F63DEB /* AppDelegate.m */; };
		215F00B41F696BAE00F63DEB /* ViewController.m in Sources */ = {isa = PBXBuildFile; fileRef = 215F00B31F696BAE00F63DEB /* ViewController.m */; };
		215F00B71F696BAE00F63DEB /* Main.storyboard in Resources */ = {isa = PBXBuildFile; fileRef = 215F00B51F696BAE00F63DEB /* Main.storyboard */; };
		215F00BA1F696BAE00F63DEB /* PirateAdventure.xcdatamodeld in Sources */ = {isa = PBXBuildFile; fileRef = 215F00B81F696BAE00F63DEB /* PirateAdventure.xcdatamodeld */; };
		215F00BC1F696BAE00F63DEB /* Assets.xcassets in Resources */ = {isa = PBXBuildFile; fileRef = 215F00BB1F696BAE00F63DEB /* Assets.xcassets */; };
		215F00BF1F696BAE00F63DEB /* LaunchScreen.storyboard in Resources */ = {isa = PBXBuildFile; fileRef = 215F00BD1F696BAE00F63DEB /* LaunchScreen.storyboard */; };
		215F00CA1F696BAE00F63DEB /* PirateAdventureTests.m in Sources */ = {isa = PBXBuildFile; fileRef = 215F00C91F696BAE00F63DEB /* PirateAdventureTests.m */; };
		215F00D51F696BAE00F63DEB /* PirateAdventureUITests.m in Sources */ = {isa = PBXBuildFile; fileRef = 215F00D41F696BAE00F63DEB /* PirateAdventureUITests.m */; };
		215F00E91F69792400F63DEB /* Factory.m in Sources */ = {isa = PBXBuildFile; fileRef = 215F00E81F69792400F63DEB /* Factory.m */; };
		215F00EC1F6979A500F63DEB /* Tile.m in Sources */ = {isa = PBXBuildFile; fileRef = 215F00EB1F6979A500F63DEB /* Tile.m */; };
/* End PBXBuildFile section */

/* Begin PBXContainerItemProxy section */
		215F00C61F696BAE00F63DEB /* PBXContainerItemProxy */ = {
			isa = PBXContainerItemProxy;
			containerPortal = 215F00A11F696BAE00F63DEB /* Project object */;
			proxyType = 1;
			remoteGlobalIDString = 215F00A81F696BAE00F63DEB;
			remoteInfo = PirateAdventure;
		};
		215F00D11F696BAE00F63DEB /* PBXContainerItemProxy */ = {
			isa = PBXContainerItemProxy;
			containerPortal = 215F00A11F696BAE00F63DEB /* Project object */;
			proxyType = 1;
			remoteGlobalIDString = 215F00A81F696BAE00F63DEB;
			remoteInfo = PirateAdventure;
		};
/* End PBXContainerItemProxy section */

/* Begin PBXFileReference section */
		214A0D591F6AD4CD00020E8D /* Weapon.h */ = {isa = PBXFileReference; fileEncoding = 4; lastKnownFileType = sourcecode.c.h; name = Weapon.h; path = ../Weapon.h; sourceTree = "<group>"; };
		214A0D5A1F6AD4CD00020E8D /* Weapon.m */ = {isa = PBXFileReference; fileEncoding = 4; lastKnownFileType = sourcecode.c.objc; name = Weapon.m; path = ../Weapon.m; sourceTree = "<group>"; };
		214AAC181F6A4E6A003B319F /* Armor.h */ = {isa = PBXFileReference; fileEncoding = 4; lastKnownFileType = sourcecode.c.h; path = Armor.h; sourceTree = "<group>"; };
		214AAC191F6A4E6A003B319F /* Armor.m */ = {isa = PBXFileReference; fileEncoding = 4; lastKnownFileType = sourcecode.c.objc; path = Armor.m; sourceTree = "<group>"; };
		214AAC1B1F6A4EC1003B319F /* Character.h */ = {isa = PBXFileReference; fileEncoding = 4; lastKnownFileType = sourcecode.c.h; path = Character.h; sourceTree = "<group>"; };
		214AAC1C1F6A4EC1003B319F /* Character.m */ = {isa = PBXFileReference; fileEncoding = 4; lastKnownFileType = sourcecode.c.objc; path = Character.m; sourceTree = "<group>"; };
		214AAC361F6A8120003B319F /* tile1_blunted_sword.jpg */ = {isa = PBXFileReference; lastKnownFileType = image.jpeg; path = tile1_blunted_sword.jpg; sourceTree = "<group>"; };
		214AAC371F6A8120003B319F /* tile2_steel_armor.jpg */ = {isa = PBXFileReference; lastKnownFileType = image.jpeg; path = tile2_steel_armor.jpg; sourceTree = "<group>"; };
		214AAC381F6A8120003B319F /* tile3_pirate_friendly_dock.jpg */ = {isa = PBXFileReference; lastKnownFileType = image.jpeg; path = tile3_pirate_friendly_dock.jpg; sourceTree = "<group>"; };
		214AAC391F6A8120003B319F /* tile4_parrot_armor.jpg */ = {isa = PBXFileReference; lastKnownFileType = image.jpeg; path = tile4_parrot_armor.jpg; sourceTree = "<group>"; };
		214AAC3A1F6A8120003B319F /* tile5_pirate_pistol.jpg */ = {isa = PBXFileReference; lastKnownFileType = image.jpeg; path = tile5_pirate_pistol.jpg; sourceTree = "<group>"; };
		214AAC3B1F6A8120003B319F /* tile6_walk_the_plank.jpg */ = {isa = PBXFileReference; lastKnownFileType = image.jpeg; path = tile6_walk_the_plank.jpg; sourceTree = "<group>"; };
		214AAC3C1F6A8120003B319F /* tile7_pirate_fight.jpg */ = {isa = PBXFileReference; lastKnownFileType = image.jpeg; path = tile7_pirate_fight.jpg; sourceTree = "<group>"; };
		214AAC3D1F6A8120003B319F /* tile8_abandoned_ship.jpg */ = {isa = PBXFileReference; lastKnownFileType = image.jpeg; path = tile8_abandoned_ship.jpg; sourceTree = "<group>"; };
		214AAC3E1F6A8120003B319F /* tile9_pirate_treasures.jpg */ = {isa = PBXFileReference; lastKnownFileType = image.jpeg; path = tile9_pirate_treasures.jpg; sourceTree = "<group>"; };
		214AAC3F1F6A8120003B319F /* tile10_pirates_invasion.jpg */ = {isa = PBXFileReference; lastKnownFileType = image.jpeg; path = tile10_pirates_invasion.jpg; sourceTree = "<group>"; };
		214AAC401F6A8120003B319F /* tile11_swimming_in_the_deep.jpg */ = {isa = PBXFileReference; lastKnownFileType = image.jpeg; path = tile11_swimming_in_the_deep.jpg; sourceTree = "<group>"; };
		214AAC411F6A8120003B319F /* tile12_pirate_boss.jpg */ = {isa = PBXFileReference; lastKnownFileType = image.jpeg; path = tile12_pirate_boss.jpg; sourceTree = "<group>"; };
		214AAC4E1F6A8562003B319F /* Boss.h */ = {isa = PBXFileReference; fileEncoding = 4; lastKnownFileType = sourcecode.c.h; path = Boss.h; sourceTree = "<group>"; };
		214AAC4F1F6A8562003B319F /* Boss.m */ = {isa = PBXFileReference; fileEncoding = 4; lastKnownFileType = sourcecode.c.objc; path = Boss.m; sourceTree = "<group>"; };
		215F00A91F696BAE00F63DEB /* PirateAdventure.app */ = {isa = PBXFileReference; explicitFileType = wrapper.application; includeInIndex = 0; path = PirateAdventure.app; sourceTree = BUILT_PRODUCTS_DIR; };
		215F00AD1F696BAE00F63DEB /* main.m */ = {isa = PBXFileReference; lastKnownFileType = sourcecode.c.objc; path = main.m; sourceTree = "<group>"; };
		215F00AF1F696BAE00F63DEB /* AppDelegate.h */ = {isa = PBXFileReference; lastKnownFileType = sourcecode.c.h; path = AppDelegate.h; sourceTree = "<group>"; };
		215F00B01F696BAE00F63DEB /* AppDelegate.m */ = {isa = PBXFileReference; lastKnownFileType = sourcecode.c.objc; path = AppDelegate.m; sourceTree = "<group>"; };
		215F00B21F696BAE00F63DEB /* ViewController.h */ = {isa = PBXFileReference; lastKnownFileType = sourcecode.c.h; path = ViewController.h; sourceTree = "<group>"; };
		215F00B31F696BAE00F63DEB /* ViewController.m */ = {isa = PBXFileReference; lastKnownFileType = sourcecode.c.objc; path = ViewController.m; sourceTree = "<group>"; };
		215F00B61F696BAE00F63DEB /* Base */ = {isa = PBXFileReference; lastKnownFileType = file.storyboard; name = Base; path = Base.lproj/Main.storyboard; sourceTree = "<group>"; };
		215F00B91F696BAE00F63DEB /* PirateAdventure.xcdatamodel */ = {isa = PBXFileReference; lastKnownFileType = wrapper.xcdatamodel; path = PirateAdventure.xcdatamodel; sourceTree = "<group>"; };
		215F00BB1F696BAE00F63DEB /* Assets.xcassets */ = {isa = PBXFileReference; lastKnownFileType = folder.assetcatalog; path = Assets.xcassets; sourceTree = "<group>"; };
		215F00BE1F696BAE00F63DEB /* Base */ = {isa = PBXFileReference; lastKnownFileType = file.storyboard; name = Base; path = Base.lproj/LaunchScreen.storyboard; sourceTree = "<group>"; };
		215F00C01F696BAE00F63DEB /* Info.plist */ = {isa = PBXFileReference; lastKnownFileType = text.plist.xml; path = Info.plist; sourceTree = "<group>"; };
		215F00C51F696BAE00F63DEB /* PirateAdventureTests.xctest */ = {isa = PBXFileReference; explicitFileType = wrapper.cfbundle; includeInIndex = 0; path = PirateAdventureTests.xctest; sourceTree = BUILT_PRODUCTS_DIR; };
		215F00C91F696BAE00F63DEB /* PirateAdventureTests.m */ = {isa = PBXFileReference; lastKnownFileType = sourcecode.c.objc; path = PirateAdventureTests.m; sourceTree = "<group>"; };
		215F00CB1F696BAE00F63DEB /* Info.plist */ = {isa = PBXFileReference; lastKnownFileType = text.plist.xml; path = Info.plist; sourceTree = "<group>"; };
		215F00D01F696BAE00F63DEB /* PirateAdventureUITests.xctest */ = {isa = PBXFileReference; explicitFileType = wrapper.cfbundle; includeInIndex = 0; path = PirateAdventureUITests.xctest; sourceTree = BUILT_PRODUCTS_DIR; };
		215F00D41F696BAE00F63DEB /* PirateAdventureUITests.m */ = {isa = PBXFileReference; lastKnownFileType = sourcecode.c.objc; path = PirateAdventureUITests.m; sourceTree = "<group>"; };
		215F00D61F696BAE00F63DEB /* Info.plist */ = {isa = PBXFileReference; lastKnownFileType = text.plist.xml; path = Info.plist; sourceTree = "<group>"; };
		215F00E71F69792400F63DEB /* Factory.h */ = {isa = PBXFileReference; fileEncoding = 4; lastKnownFileType = sourcecode.c.h; path = Factory.h; sourceTree = "<group>"; };
		215F00E81F69792400F63DEB /* Factory.m */ = {isa = PBXFileReference; fileEncoding = 4; lastKnownFileType = sourcecode.c.objc; path = Factory.m; sourceTree = "<group>"; };
		215F00EA1F6979A500F63DEB /* Tile.h */ = {isa = PBXFileReference; fileEncoding = 4; lastKnownFileType = sourcecode.c.h; path = Tile.h; sourceTree = "<group>"; };
		215F00EB1F6979A500F63DEB /* Tile.m */ = {isa = PBXFileReference; fileEncoding = 4; lastKnownFileType = sourcecode.c.objc; path = Tile.m; sourceTree = "<group>"; };
/* End PBXFileReference section */

/* Begin PBXFrameworksBuildPhase section */
		215F00A61F696BAE00F63DEB /* Frameworks */ = {
			isa = PBXFrameworksBuildPhase;
			buildActionMask = 2147483647;
			files = (
			);
			runOnlyForDeploymentPostprocessing = 0;
		};
		215F00C21F696BAE00F63DEB /* Frameworks */ = {
			isa = PBXFrameworksBuildPhase;
			buildActionMask = 2147483647;
			files = (
			);
			runOnlyForDeploymentPostprocessing = 0;
		};
		215F00CD1F696BAE00F63DEB /* Frameworks */ = {
			isa = PBXFrameworksBuildPhase;
			buildActionMask = 2147483647;
			files = (
			);
			runOnlyForDeploymentPostprocessing = 0;
		};
/* End PBXFrameworksBuildPhase section */

/* Begin PBXGroup section */
		215F00A01F696BAE00F63DEB = {
			isa = PBXGroup;
			children = (
				215F00AB1F696BAE00F63DEB /* PirateAdventure */,
				215F00C81F696BAE00F63DEB /* PirateAdventureTests */,
				215F00D31F696BAE00F63DEB /* PirateAdventureUITests */,
				215F00AA1F696BAE00F63DEB /* Products */,
			);
			sourceTree = "<group>";
		};
		215F00AA1F696BAE00F63DEB /* Products */ = {
			isa = PBXGroup;
			children = (
				215F00A91F696BAE00F63DEB /* PirateAdventure.app */,
				215F00C51F696BAE00F63DEB /* PirateAdventureTests.xctest */,
				215F00D01F696BAE00F63DEB /* PirateAdventureUITests.xctest */,
			);
			name = Products;
			sourceTree = "<group>";
		};
		215F00AB1F696BAE00F63DEB /* PirateAdventure */ = {
			isa = PBXGroup;
			children = (
				215F00AF1F696BAE00F63DEB /* AppDelegate.h */,
				215F00B01F696BAE00F63DEB /* AppDelegate.m */,
				215F00B21F696BAE00F63DEB /* ViewController.h */,
				215F00B31F696BAE00F63DEB /* ViewController.m */,
				215F00B51F696BAE00F63DEB /* Main.storyboard */,
				215F00BB1F696BAE00F63DEB /* Assets.xcassets */,
				215F00BD1F696BAE00F63DEB /* LaunchScreen.storyboard */,
				215F00C01F696BAE00F63DEB /* Info.plist */,
				215F00B81F696BAE00F63DEB /* PirateAdventure.xcdatamodeld */,
				215F00E51F69781900F63DEB /* Model */,
				215F00AC1F696BAE00F63DEB /* Supporting Files */,
			);
			path = PirateAdventure;
			sourceTree = "<group>";
		};
		215F00AC1F696BAE00F63DEB /* Supporting Files */ = {
			isa = PBXGroup;
			children = (
				214AAC361F6A8120003B319F /* tile1_blunted_sword.jpg */,
				214AAC371F6A8120003B319F /* tile2_steel_armor.jpg */,
				214AAC381F6A8120003B319F /* tile3_pirate_friendly_dock.jpg */,
				214AAC391F6A8120003B319F /* tile4_parrot_armor.jpg */,
				214AAC3A1F6A8120003B319F /* tile5_pirate_pistol.jpg */,
				214AAC3B1F6A8120003B319F /* tile6_walk_the_plank.jpg */,
				214AAC3C1F6A8120003B319F /* tile7_pirate_fight.jpg */,
				214AAC3D1F6A8120003B319F /* tile8_abandoned_ship.jpg */,
				214AAC3E1F6A8120003B319F /* tile9_pirate_treasures.jpg */,
				214AAC3F1F6A8120003B319F /* tile10_pirates_invasion.jpg */,
				214AAC401F6A8120003B319F /* tile11_swimming_in_the_deep.jpg */,
				214AAC411F6A8120003B319F /* tile12_pirate_boss.jpg */,
				215F00AD1F696BAE00F63DEB /* main.m */,
			);
			name = "Supporting Files";
			sourceTree = "<group>";
		};
		215F00C81F696BAE00F63DEB /* PirateAdventureTests */ = {
			isa = PBXGroup;
			children = (
				215F00C91F696BAE00F63DEB /* PirateAdventureTests.m */,
				215F00CB1F696BAE00F63DEB /* Info.plist */,
			);
			path = PirateAdventureTests;
			sourceTree = "<group>";
		};
		215F00D31F696BAE00F63DEB /* PirateAdventureUITests */ = {
			isa = PBXGroup;
			children = (
				215F00D41F696BAE00F63DEB /* PirateAdventureUITests.m */,
				215F00D61F696BAE00F63DEB /* Info.plist */,
			);
			path = PirateAdventureUITests;
			sourceTree = "<group>";
		};
		215F00E51F69781900F63DEB /* Model */ = {
			isa = PBXGroup;
			children = (
				215F00E61F69782D00F63DEB /* Factory */,
				215F00EA1F6979A500F63DEB /* Tile.h */,
				215F00EB1F6979A500F63DEB /* Tile.m */,
				214AAC181F6A4E6A003B319F /* Armor.h */,
				214AAC191F6A4E6A003B319F /* Armor.m */,
				214AAC1B1F6A4EC1003B319F /* Character.h */,
				214AAC1C1F6A4EC1003B319F /* Character.m */,
				214AAC4E1F6A8562003B319F /* Boss.h */,
				214AAC4F1F6A8562003B319F /* Boss.m */,
				214A0D591F6AD4CD00020E8D /* Weapon.h */,
				214A0D5A1F6AD4CD00020E8D /* Weapon.m */,
			);
			name = Model;
			sourceTree = "<group>";
		};
		215F00E61F69782D00F63DEB /* Factory */ = {
			isa = PBXGroup;
			children = (
				215F00E71F69792400F63DEB /* Factory.h */,
				215F00E81F69792400F63DEB /* Factory.m */,
			);
			name = Factory;
			sourceTree = "<group>";
		};
/* End PBXGroup section */

/* Begin PBXNativeTarget section */
		215F00A81F696BAE00F63DEB /* PirateAdventure */ = {
			isa = PBXNativeTarget;
			buildConfigurationList = 215F00D91F696BAE00F63DEB /* Build configuration list for PBXNativeTarget "PirateAdventure" */;
			buildPhases = (
				215F00A51F696BAE00F63DEB /* Sources */,
				215F00A61F696BAE00F63DEB /* Frameworks */,
				215F00A71F696BAE00F63DEB /* Resources */,
			);
			buildRules = (
			);
			dependencies = (
			);
			name = PirateAdventure;
			productName = PirateAdventure;
			productReference = 215F00A91F696BAE00F63DEB /* PirateAdventure.app */;
			productType = "com.apple.product-type.application";
		};
		215F00C41F696BAE00F63DEB /* PirateAdventureTests */ = {
			isa = PBXNativeTarget;
			buildConfigurationList = 215F00DC1F696BAE00F63DEB /* Build configuration list for PBXNativeTarget "PirateAdventureTests" */;
			buildPhases = (
				215F00C11F696BAE00F63DEB /* Sources */,
				215F00C21F696BAE00F63DEB /* Frameworks */,
				215F00C31F696BAE00F63DEB /* Resources */,
			);
			buildRules = (
			);
			dependencies = (
				215F00C71F696BAE00F63DEB /* PBXTargetDependency */,
			);
			name = PirateAdventureTests;
			productName = PirateAdventureTests;
			productReference = 215F00C51F696BAE00F63DEB /* PirateAdventureTests.xctest */;
			productType = "com.apple.product-type.bundle.unit-test";
		};
		215F00CF1F696BAE00F63DEB /* PirateAdventureUITests */ = {
			isa = PBXNativeTarget;
			buildConfigurationList = 215F00DF1F696BAE00F63DEB /* Build configuration list for PBXNativeTarget "PirateAdventureUITests" */;
			buildPhases = (
				215F00CC1F696BAE00F63DEB /* Sources */,
				215F00CD1F696BAE00F63DEB /* Frameworks */,
				215F00CE1F696BAE00F63DEB /* Resources */,
			);
			buildRules = (
			);
			dependencies = (
				215F00D21F696BAE00F63DEB /* PBXTargetDependency */,
			);
			name = PirateAdventureUITests;
			productName = PirateAdventureUITests;
			productReference = 215F00D01F696BAE00F63DEB /* PirateAdventureUITests.xctest */;
			productType = "com.apple.product-type.bundle.ui-testing";
		};
/* End PBXNativeTarget section */

/* Begin PBXProject section */
		215F00A11F696BAE00F63DEB /* Project object */ = {
			isa = PBXProject;
			attributes = {
				LastUpgradeCheck = 0730;
				ORGANIZATIONNAME = Infosys;
				TargetAttributes = {
					215F00A81F696BAE00F63DEB = {
						CreatedOnToolsVersion = 7.3;
					};
					215F00C41F696BAE00F63DEB = {
						CreatedOnToolsVersion = 7.3;
						TestTargetID = 215F00A81F696BAE00F63DEB;
					};
					215F00CF1F696BAE00F63DEB = {
						CreatedOnToolsVersion = 7.3;
						TestTargetID = 215F00A81F696BAE00F63DEB;
					};
				};
			};
			buildConfigurationList = 215F00A41F696BAE00F63DEB /* Build configuration list for PBXProject "PirateAdventure" */;
			compatibilityVersion = "Xcode 3.2";
			developmentRegion = English;
			hasScannedForEncodings = 0;
			knownRegions = (
				en,
				Base,
			);
			mainGroup = 215F00A01F696BAE00F63DEB;
			productRefGroup = 215F00AA1F696BAE00F63DEB /* Products */;
			projectDirPath = "";
			projectRoot = "";
			targets = (
				215F00A81F696BAE00F63DEB /* PirateAdventure */,
				215F00C41F696BAE00F63DEB /* PirateAdventureTests */,
				215F00CF1F696BAE00F63DEB /* PirateAdventureUITests */,
			);
		};
/* End PBXProject section */

/* Begin PBXResourcesBuildPhase section */
		215F00A71F696BAE00F63DEB /* Resources */ = {
			isa = PBXResourcesBuildPhase;
			buildActionMask = 2147483647;
			files = (
				214AAC421F6A8120003B319F /* tile1_blunted_sword.jpg in Resources */,
				214AAC4A1F6A8120003B319F /* tile9_pirate_treasures.jpg in Resources */,
				214AAC4B1F6A8120003B319F /* tile10_pirates_invasion.jpg in Resources */,
				214AAC4D1F6A8120003B319F /* tile12_pirate_boss.jpg in Resources */,
				215F00BF1F696BAE00F63DEB /* LaunchScreen.storyboard in Resources */,
				215F00BC1F696BAE00F63DEB /* Assets.xcassets in Resources */,
				214AAC4C1F6A8120003B319F /* tile11_swimming_in_the_deep.jpg in Resources */,
				215F00B71F696BAE00F63DEB /* Main.storyboard in Resources */,
				214AAC491F6A8120003B319F /* tile8_abandoned_ship.jpg in Resources */,
				214AAC441F6A8120003B319F /* tile3_pirate_friendly_dock.jpg in Resources */,
				214AAC451F6A8120003B319F /* tile4_parrot_armor.jpg in Resources */,
				214AAC431F6A8120003B319F /* tile2_steel_armor.jpg in Resources */,
				214AAC471F6A8120003B319F /* tile6_walk_the_plank.jpg in Resources */,
				214AAC461F6A8120003B319F /* tile5_pirate_pistol.jpg in Resources */,
				214AAC481F6A8120003B319F /* tile7_pirate_fight.jpg in Resources */,
			);
			runOnlyForDeploymentPostprocessing = 0;
		};
		215F00C31F696BAE00F63DEB /* Resources */ = {
			isa = PBXResourcesBuildPhase;
			buildActionMask = 2147483647;
			files = (
			);
			runOnlyForDeploymentPostprocessing = 0;
		};
		215F00CE1F696BAE00F63DEB /* Resources */ = {
			isa = PBXResourcesBuildPhase;
			buildActionMask = 2147483647;
			files = (
			);
			runOnlyForDeploymentPostprocessing = 0;
		};
/* End PBXResourcesBuildPhase section */

/* Begin PBXSourcesBuildPhase section */
		215F00A51F696BAE00F63DEB /* Sources */ = {
			isa = PBXSourcesBuildPhase;
			buildActionMask = 2147483647;
			files = (
				214AAC501F6A8562003B319F /* Boss.m in Sources */,
				215F00E91F69792400F63DEB /* Factory.m in Sources */,
				215F00EC1F6979A500F63DEB /* Tile.m in Sources */,
				214AAC1A1F6A4E6A003B319F /* Armor.m in Sources */,
				215F00B41F696BAE00F63DEB /* ViewController.m in Sources */,
				215F00B11F696BAE00F63DEB /* AppDelegate.m in Sources */,
				215F00AE1F696BAE00F63DEB /* main.m in Sources */,
				214A0D5B1F6AD4CD00020E8D /* Weapon.m in Sources */,
				215F00BA1F696BAE00F63DEB /* PirateAdventure.xcdatamodeld in Sources */,
				214AAC1D1F6A4EC1003B319F /* Character.m in Sources */,
			);
			runOnlyForDeploymentPostprocessing = 0;
		};
		215F00C11F696BAE00F63DEB /* Sources */ = {
			isa = PBXSourcesBuildPhase;
			buildActionMask = 2147483647;
			files = (
				215F00CA1F696BAE00F63DEB /* PirateAdventureTests.m in Sources */,
			);
			runOnlyForDeploymentPostprocessing = 0;
		};
		215F00CC1F696BAE00F63DEB /* Sources */ = {
			isa = PBXSourcesBuildPhase;
			buildActionMask = 2147483647;
			files = (
				215F00D51F696BAE00F63DEB /* PirateAdventureUITests.m in Sources */,
			);
			runOnlyForDeploymentPostprocessing = 0;
		};
/* End PBXSourcesBuildPhase section */

/* Begin PBXTargetDependency section */
		215F00C71F696BAE00F63DEB /* PBXTargetDependency */ = {
			isa = PBXTargetDependency;
			target = 215F00A81F696BAE00F63DEB /* PirateAdventure */;
			targetProxy = 215F00C61F696BAE00F63DEB /* PBXContainerItemProxy */;
		};
		215F00D21F696BAE00F63DEB /* PBXTargetDependency */ = {
			isa = PBXTargetDependency;
			target = 215F00A81F696BAE00F63DEB /* PirateAdventure */;
			targetProxy = 215F00D11F696BAE00F63DEB /* PBXContainerItemProxy */;
		};
/* End PBXTargetDependency section */

/* Begin PBXVariantGroup section */
		215F00B51F696BAE00F63DEB /* Main.storyboard */ = {
			isa = PBXVariantGroup;
			children = (
				215F00B61F696BAE00F63DEB /* Base */,
			);
			name = Main.storyboard;
			sourceTree = "<group>";
		};
		215F00BD1F696BAE00F63DEB /* LaunchScreen.storyboard */ = {
			isa = PBXVariantGroup;
			children = (
				215F00BE1F696BAE00F63DEB /* Base */,
			);
			name = LaunchScreen.storyboard;
			sourceTree = "<group>";
		};
/* End PBXVariantGroup section */

/* Begin XCBuildConfiguration section */
		215F00D71F696BAE00F63DEB /* Debug */ = {
			isa = XCBuildConfiguration;
			buildSettings = {
				ALWAYS_SEARCH_USER_PATHS = NO;
				CLANG_ANALYZER_NONNULL = YES;
				CLANG_CXX_LANGUAGE_STANDARD = "gnu++0x";
				CLANG_CXX_LIBRARY = "libc++";
				CLANG_ENABLE_MODULES = YES;
				CLANG_ENABLE_OBJC_ARC = YES;
				CLANG_WARN_BOOL_CONVERSION = YES;
				CLANG_WARN_CONSTANT_CONVERSION = YES;
				CLANG_WARN_DIRECT_OBJC_ISA_USAGE = YES_ERROR;
				CLANG_WARN_EMPTY_BODY = YES;
				CLANG_WARN_ENUM_CONVERSION = YES;
				CLANG_WARN_INT_CONVERSION = YES;
				CLANG_WARN_OBJC_ROOT_CLASS = YES_ERROR;
				CLANG_WARN_UNREACHABLE_CODE = YES;
				CLANG_WARN__DUPLICATE_METHOD_MATCH = YES;
				"CODE_SIGN_IDENTITY[sdk=iphoneos*]" = "iPhone Developer";
				COPY_PHASE_STRIP = NO;
				DEBUG_INFORMATION_FORMAT = dwarf;
				ENABLE_STRICT_OBJC_MSGSEND = YES;
				ENABLE_TESTABILITY = YES;
				GCC_C_LANGUAGE_STANDARD = gnu99;
				GCC_DYNAMIC_NO_PIC = NO;
				GCC_NO_COMMON_BLOCKS = YES;
				GCC_OPTIMIZATION_LEVEL = 0;
				GCC_PREPROCESSOR_DEFINITIONS = (
					"DEBUG=1",
					"$(inherited)",
				);
				GCC_WARN_64_TO_32_BIT_CONVERSION = YES;
				GCC_WARN_ABOUT_RETURN_TYPE = YES_ERROR;
				GCC_WARN_UNDECLARED_SELECTOR = YES;
				GCC_WARN_UNINITIALIZED_AUTOS = YES_AGGRESSIVE;
				GCC_WARN_UNUSED_FUNCTION = YES;
				GCC_WARN_UNUSED_VARIABLE = YES;
				IPHONEOS_DEPLOYMENT_TARGET = 9.3;
				MTL_ENABLE_DEBUG_INFO = YES;
				ONLY_ACTIVE_ARCH = YES;
				SDKROOT = iphoneos;
			};
			name = Debug;
		};
		215F00D81F696BAE00F63DEB /* Release */ = {
			isa = XCBuildConfiguration;
			buildSettings = {
				ALWAYS_SEARCH_USER_PATHS = NO;
				CLANG_ANALYZER_NONNULL = YES;
				CLANG_CXX_LANGUAGE_STANDARD = "gnu++0x";
				CLANG_CXX_LIBRARY = "libc++";
				CLANG_ENABLE_MODULES = YES;
				CLANG_ENABLE_OBJC_ARC = YES;
				CLANG_WARN_BOOL_CONVERSION = YES;
				CLANG_WARN_CONSTANT_CONVERSION = YES;
				CLANG_WARN_DIRECT_OBJC_ISA_USAGE = YES_ERROR;
				CLANG_WARN_EMPTY_BODY = YES;
				CLANG_WARN_ENUM_CONVERSION = YES;
				CLANG_WARN_INT_CONVERSION = YES;
				CLANG_WARN_OBJC_ROOT_CLASS = YES_ERROR;
				CLANG_WARN_UNREACHABLE_CODE = YES;
				CLANG_WARN__DUPLICATE_METHOD_MATCH = YES;
				"CODE_SIGN_IDENTITY[sdk=iphoneos*]" = "iPhone Developer";
				COPY_PHASE_STRIP = NO;
				DEBUG_INFORMATION_FORMAT = "dwarf-with-dsym";
				ENABLE_NS_ASSERTIONS = NO;
				ENABLE_STRICT_OBJC_MSGSEND = YES;
				GCC_C_LANGUAGE_STANDARD = gnu99;
				GCC_NO_COMMON_BLOCKS = YES;
				GCC_WARN_64_TO_32_BIT_CONVERSION = YES;
				GCC_WARN_ABOUT_RETURN_TYPE = YES_ERROR;
				GCC_WARN_UNDECLARED_SELECTOR = YES;
				GCC_WARN_UNINITIALIZED_AUTOS = YES_AGGRESSIVE;
				GCC_WARN_UNUSED_FUNCTION = YES;
				GCC_WARN_UNUSED_VARIABLE = YES;
				IPHONEOS_DEPLOYMENT_TARGET = 9.3;
				MTL_ENABLE_DEBUG_INFO = NO;
				SDKROOT = iphoneos;
				VALIDATE_PRODUCT = YES;
			};
			name = Release;
		};
		215F00DA1F696BAE00F63DEB /* Debug */ = {
			isa = XCBuildConfiguration;
			buildSettings = {
				ASSETCATALOG_COMPILER_APPICON_NAME = AppIcon;
				INFOPLIST_FILE = PirateAdventure/Info.plist;
				LD_RUNPATH_SEARCH_PATHS = "$(inherited) @executable_path/Frameworks";
				PRODUCT_BUNDLE_IDENTIFIER = infy.PirateAdventure;
				PRODUCT_NAME = "$(TARGET_NAME)";
			};
			name = Debug;
		};
		215F00DB1F696BAE00F63DEB /* Release */ = {
			isa = XCBuildConfiguration;
			buildSettings = {
				ASSETCATALOG_COMPILER_APPICON_NAME = AppIcon;
				INFOPLIST_FILE = PirateAdventure/Info.plist;
				LD_RUNPATH_SEARCH_PATHS = "$(inherited) @executable_path/Frameworks";
				PRODUCT_BUNDLE_IDENTIFIER = infy.PirateAdventure;
				PRODUCT_NAME = "$(TARGET_NAME)";
			};
			name = Release;
		};
		215F00DD1F696BAE00F63DEB /* Debug */ = {
			isa = XCBuildConfiguration;
			buildSettings = {
				BUNDLE_LOADER = "$(TEST_HOST)";
				INFOPLIST_FILE = PirateAdventureTests/Info.plist;
				LD_RUNPATH_SEARCH_PATHS = "$(inherited) @executable_path/Frameworks @loader_path/Frameworks";
				PRODUCT_BUNDLE_IDENTIFIER = infy.PirateAdventureTests;
				PRODUCT_NAME = "$(TARGET_NAME)";
				TEST_HOST = "$(BUILT_PRODUCTS_DIR)/PirateAdventure.app/PirateAdventure";
			};
			name = Debug;
		};
		215F00DE1F696BAE00F63DEB /* Release */ = {
			isa = XCBuildConfiguration;
			buildSettings = {
				BUNDLE_LOADER = "$(TEST_HOST)";
				INFOPLIST_FILE = PirateAdventureTests/Info.plist;
				LD_RUNPATH_SEARCH_PATHS = "$(inherited) @executable_path/Frameworks @loader_path/Frameworks";
				PRODUCT_BUNDLE_IDENTIFIER = infy.PirateAdventureTests;
				PRODUCT_NAME = "$(TARGET_NAME)";
				TEST_HOST = "$(BUILT_PRODUCTS_DIR)/PirateAdventure.app/PirateAdventure";
			};
			name = Release;
		};
		215F00E01F696BAE00F63DEB /* Debug */ = {
			isa = XCBuildConfiguration;
			buildSettings = {
				INFOPLIST_FILE = PirateAdventureUITests/Info.plist;
				LD_RUNPATH_SEARCH_PATHS = "$(inherited) @executable_path/Frameworks @loader_path/Frameworks";
				PRODUCT_BUNDLE_IDENTIFIER = infy.PirateAdventureUITests;
				PRODUCT_NAME = "$(TARGET_NAME)";
				TEST_TARGET_NAME = PirateAdventure;
			};
			name = Debug;
		};
		215F00E11F696BAE00F63DEB /* Release */ = {
			isa = XCBuildConfiguration;
			buildSettings = {
				INFOPLIST_FILE = PirateAdventureUITests/Info.plist;
				LD_RUNPATH_SEARCH_PATHS = "$(inherited) @executable_path/Frameworks @loader_path/Frameworks";
				PRODUCT_BUNDLE_IDENTIFIER = infy.PirateAdventureUITests;
				PRODUCT_NAME = "$(TARGET_NAME)";
				TEST_TARGET_NAME = PirateAdventure;
			};
			name = Release;
		};
/* End XCBuildConfiguration section */

/* Begin XCConfigurationList section */
		215F00A41F696BAE00F63DEB /* Build configuration list for PBXProject "PirateAdventure" */ = {
			isa = XCConfigurationList;
			buildConfigurations = (
				215F00D71F696BAE00F63DEB /* Debug */,
				215F00D81F696BAE00F63DEB /* Release */,
			);
			defaultConfigurationIsVisible = 0;
			defaultConfigurationName = Release;
		};
		215F00D91F696BAE00F63DEB /* Build configuration list for PBXNativeTarget "PirateAdventure" */ = {
			isa = XCConfigurationList;
			buildConfigurations = (
				215F00DA1F696BAE00F63DEB /* Debug */,
				215F00DB1F696BAE00F63DEB /* Release */,
			);
			defaultConfigurationIsVisible = 0;
			defaultConfigurationName = Release;
		};
		215F00DC1F696BAE00F63DEB /* Build configuration list for PBXNativeTarget "PirateAdventureTests" */ = {
			isa = XCConfigurationList;
			buildConfigurations = (
				215F00DD1F696BAE00F63DEB /* Debug */,
				215F00DE1F696BAE00F63DEB /* Release */,
			);
			defaultConfigurationIsVisible = 0;
			defaultConfigurationName = Release;
		};
		215F00DF1F696BAE00F63DEB /* Build configuration list for PBXNativeTarget "PirateAdventureUITests" */ = {
			isa = XCConfigurationList;
			buildConfigurations = (
				215F00E01F696BAE00F63DEB /* Debug */,
				215F00E11F696BAE00F63DEB /* Release */,
			);
			defaultConfigurationIsVisible = 0;
			defaultConfigurationName = Release;
		};
/* End XCConfigurationList section */

/* Begin XCVersionGroup section */
		215F00B81F696BAE00F63DEB /* PirateAdventure.xcdatamodeld */ = {
			isa = XCVersionGroup;
			children = (
				215F00B91F696BAE00F63DEB /* PirateAdventure.xcdatamodel */,
			);
			currentVersion = 215F00B91F696BAE00F63DEB /* PirateAdventure.xcdatamodel */;
			path = PirateAdventure.xcdatamodeld;
			sourceTree = "<group>";
			versionGroupType = wrapper.xcdatamodel;
		};
/* End XCVersionGroup section */
	};
	rootObject = 215F00A11F696BAE00F63DEB /* Project object */;
}
